# This file is automatically @generated by Poetry 1.4.2 and should not be changed by hand.

[[package]]
name = "httpretty"
version = "1.1.4"
description = "HTTP client mock for Python"
category = "main"
optional = false
python-versions = ">=3"
files = [
    {file = "httpretty-1.1.4.tar.gz", hash = "sha256:20de0e5dd5a18292d36d928cc3d6e52f8b2ac73daec40d41eb62dee154933b68"},
]

[metadata]
lock-version = "2.0"
python-versions = "^3.6"
content-hash = "1df851570a28112c720f8d3077d91dec9c6dd454720333031b8e3f52fb357f29"
